// !$*UTF8*$!
{
	archiveVersion = 1;
	classes = {
	};
	objectVersion = 56;
	objects = {

/* Begin PBXBuildFile section */
		D35578352BE8867800885860 /* MovieTableViewController.swift in Sources */ = {isa = PBXBuildFile; fileRef = D35578342BE8867800885860 /* MovieTableViewController.swift */; };
		D35578372BE8875200885860 /* DetailViewController.swift in Sources */ = {isa = PBXBuildFile; fileRef = D35578362BE8875200885860 /* DetailViewController.swift */; };
		D35578392BE887FA00885860 /* MovieTableViewCell.swift in Sources */ = {isa = PBXBuildFile; fileRef = D35578382BE887FA00885860 /* MovieTableViewCell.swift */; };
		D355783B2BE88D8C00885860 /* MoviesListController.swift in Sources */ = {isa = PBXBuildFile; fileRef = D355783A2BE88D8C00885860 /* MoviesListController.swift */; };
		D355783D2BE89A3D00885860 /* MovieCollectionViewController.swift in Sources */ = {isa = PBXBuildFile; fileRef = D355783C2BE89A3D00885860 /* MovieCollectionViewController.swift */; };
		D355783F2BE89A5F00885860 /* MovieCollectionViewCell.swift in Sources */ = {isa = PBXBuildFile; fileRef = D355783E2BE89A5F00885860 /* MovieCollectionViewCell.swift */; };
		D3E9766F2BE787AD00D2ACD5 /* AppDelegate.swift in Sources */ = {isa = PBXBuildFile; fileRef = D3E9766E2BE787AD00D2ACD5 /* AppDelegate.swift */; };
		D3E976712BE787AD00D2ACD5 /* SceneDelegate.swift in Sources */ = {isa = PBXBuildFile; fileRef = D3E976702BE787AD00D2ACD5 /* SceneDelegate.swift */; };
		D3E976762BE787AD00D2ACD5 /* Main.storyboard in Resources */ = {isa = PBXBuildFile; fileRef = D3E976742BE787AD00D2ACD5 /* Main.storyboard */; };
		D3E976782BE787B000D2ACD5 /* Assets.xcassets in Resources */ = {isa = PBXBuildFile; fileRef = D3E976772BE787B000D2ACD5 /* Assets.xcassets */; };
		D3E9767B2BE787B000D2ACD5 /* LaunchScreen.storyboard in Resources */ = {isa = PBXBuildFile; fileRef = D3E976792BE787B000D2ACD5 /* LaunchScreen.storyboard */; };
		D3E976842BE7897800D2ACD5 /* FirebaseAnalytics in Frameworks */ = {isa = PBXBuildFile; productRef = D3E976832BE7897800D2ACD5 /* FirebaseAnalytics */; };
		D3E976862BE7897800D2ACD5 /* FirebaseAnalyticsOnDeviceConversion in Frameworks */ = {isa = PBXBuildFile; productRef = D3E976852BE7897800D2ACD5 /* FirebaseAnalyticsOnDeviceConversion */; };
		D3E976882BE7897800D2ACD5 /* FirebaseAnalyticsSwift in Frameworks */ = {isa = PBXBuildFile; productRef = D3E976872BE7897800D2ACD5 /* FirebaseAnalyticsSwift */; };
		D3E9768A2BE7897800D2ACD5 /* FirebaseAnalyticsWithoutAdIdSupport in Frameworks */ = {isa = PBXBuildFile; productRef = D3E976892BE7897800D2ACD5 /* FirebaseAnalyticsWithoutAdIdSupport */; };
		D3E9768C2BE7897800D2ACD5 /* FirebaseAppCheck in Frameworks */ = {isa = PBXBuildFile; productRef = D3E9768B2BE7897800D2ACD5 /* FirebaseAppCheck */; };
		D3E9768E2BE7897800D2ACD5 /* FirebaseAppDistribution-Beta in Frameworks */ = {isa = PBXBuildFile; productRef = D3E9768D2BE7897800D2ACD5 /* FirebaseAppDistribution-Beta */; };
		D3E976902BE7897800D2ACD5 /* FirebaseAuth in Frameworks */ = {isa = PBXBuildFile; productRef = D3E9768F2BE7897800D2ACD5 /* FirebaseAuth */; };
		D3E976922BE7897800D2ACD5 /* FirebaseAuthCombine-Community in Frameworks */ = {isa = PBXBuildFile; productRef = D3E976912BE7897800D2ACD5 /* FirebaseAuthCombine-Community */; };
		D3E976942BE7897800D2ACD5 /* FirebaseCrashlytics in Frameworks */ = {isa = PBXBuildFile; productRef = D3E976932BE7897800D2ACD5 /* FirebaseCrashlytics */; };
		D3E976962BE7897800D2ACD5 /* FirebaseDatabase in Frameworks */ = {isa = PBXBuildFile; productRef = D3E976952BE7897800D2ACD5 /* FirebaseDatabase */; };
		D3E976982BE7897800D2ACD5 /* FirebaseDatabaseSwift in Frameworks */ = {isa = PBXBuildFile; productRef = D3E976972BE7897800D2ACD5 /* FirebaseDatabaseSwift */; };
		D3E9769A2BE7897800D2ACD5 /* FirebaseDynamicLinks in Frameworks */ = {isa = PBXBuildFile; productRef = D3E976992BE7897800D2ACD5 /* FirebaseDynamicLinks */; };
		D3E9769C2BE7897800D2ACD5 /* FirebaseFirestore in Frameworks */ = {isa = PBXBuildFile; productRef = D3E9769B2BE7897800D2ACD5 /* FirebaseFirestore */; };
		D3E9769E2BE7897800D2ACD5 /* FirebaseFirestoreCombine-Community in Frameworks */ = {isa = PBXBuildFile; productRef = D3E9769D2BE7897800D2ACD5 /* FirebaseFirestoreCombine-Community */; };
		D3E976A02BE7897800D2ACD5 /* FirebaseFirestoreSwift in Frameworks */ = {isa = PBXBuildFile; productRef = D3E9769F2BE7897800D2ACD5 /* FirebaseFirestoreSwift */; };
		D3E976A22BE7897800D2ACD5 /* FirebaseFunctions in Frameworks */ = {isa = PBXBuildFile; productRef = D3E976A12BE7897800D2ACD5 /* FirebaseFunctions */; };
		D3E976A42BE7897800D2ACD5 /* FirebaseFunctionsCombine-Community in Frameworks */ = {isa = PBXBuildFile; productRef = D3E976A32BE7897800D2ACD5 /* FirebaseFunctionsCombine-Community */; };
		D3E976A62BE7897800D2ACD5 /* FirebaseInAppMessaging-Beta in Frameworks */ = {isa = PBXBuildFile; productRef = D3E976A52BE7897800D2ACD5 /* FirebaseInAppMessaging-Beta */; };
		D3E976A82BE7897800D2ACD5 /* FirebaseInAppMessagingSwift-Beta in Frameworks */ = {isa = PBXBuildFile; productRef = D3E976A72BE7897800D2ACD5 /* FirebaseInAppMessagingSwift-Beta */; };
		D3E976AA2BE7897800D2ACD5 /* FirebaseInstallations in Frameworks */ = {isa = PBXBuildFile; productRef = D3E976A92BE7897800D2ACD5 /* FirebaseInstallations */; };
		D3E976AC2BE7897800D2ACD5 /* FirebaseMLModelDownloader in Frameworks */ = {isa = PBXBuildFile; productRef = D3E976AB2BE7897800D2ACD5 /* FirebaseMLModelDownloader */; };
		D3E976AE2BE7897800D2ACD5 /* FirebaseMessaging in Frameworks */ = {isa = PBXBuildFile; productRef = D3E976AD2BE7897800D2ACD5 /* FirebaseMessaging */; };
		D3E976B02BE7897800D2ACD5 /* FirebasePerformance in Frameworks */ = {isa = PBXBuildFile; productRef = D3E976AF2BE7897800D2ACD5 /* FirebasePerformance */; };
		D3E976B22BE7897800D2ACD5 /* FirebaseRemoteConfig in Frameworks */ = {isa = PBXBuildFile; productRef = D3E976B12BE7897800D2ACD5 /* FirebaseRemoteConfig */; };
		D3E976B42BE7897800D2ACD5 /* FirebaseRemoteConfigSwift in Frameworks */ = {isa = PBXBuildFile; productRef = D3E976B32BE7897800D2ACD5 /* FirebaseRemoteConfigSwift */; };
		D3E976B62BE7897800D2ACD5 /* FirebaseStorage in Frameworks */ = {isa = PBXBuildFile; productRef = D3E976B52BE7897800D2ACD5 /* FirebaseStorage */; };
		D3E976B82BE7897800D2ACD5 /* FirebaseStorageCombine-Community in Frameworks */ = {isa = PBXBuildFile; productRef = D3E976B72BE7897800D2ACD5 /* FirebaseStorageCombine-Community */; };
		D3E976BA2BE78CF600D2ACD5 /* GoogleService-Info.plist in Resources */ = {isa = PBXBuildFile; fileRef = D3E976B92BE78CF600D2ACD5 /* GoogleService-Info.plist */; };
		D3E976BC2BE78FD600D2ACD5 /* Movie.swift in Sources */ = {isa = PBXBuildFile; fileRef = D3E976BB2BE78FD600D2ACD5 /* Movie.swift */; };
/* End PBXBuildFile section */

/* Begin PBXFileReference section */
		D35578342BE8867800885860 /* MovieTableViewController.swift */ = {isa = PBXFileReference; lastKnownFileType = sourcecode.swift; path = MovieTableViewController.swift; sourceTree = "<group>"; };
		D35578362BE8875200885860 /* DetailViewController.swift */ = {isa = PBXFileReference; lastKnownFileType = sourcecode.swift; path = DetailViewController.swift; sourceTree = "<group>"; };
		D35578382BE887FA00885860 /* MovieTableViewCell.swift */ = {isa = PBXFileReference; lastKnownFileType = sourcecode.swift; path = MovieTableViewCell.swift; sourceTree = "<group>"; };
		D355783A2BE88D8C00885860 /* MoviesListController.swift */ = {isa = PBXFileReference; lastKnownFileType = sourcecode.swift; path = MoviesListController.swift; sourceTree = "<group>"; };
		D355783C2BE89A3D00885860 /* MovieCollectionViewController.swift */ = {isa = PBXFileReference; lastKnownFileType = sourcecode.swift; path = MovieCollectionViewController.swift; sourceTree = "<group>"; };
		D355783E2BE89A5F00885860 /* MovieCollectionViewCell.swift */ = {isa = PBXFileReference; lastKnownFileType = sourcecode.swift; path = MovieCollectionViewCell.swift; sourceTree = "<group>"; };
		D3E9766B2BE787AD00D2ACD5 /* tutorial8.app */ = {isa = PBXFileReference; explicitFileType = wrapper.application; includeInIndex = 0; path = tutorial8.app; sourceTree = BUILT_PRODUCTS_DIR; };
		D3E9766E2BE787AD00D2ACD5 /* AppDelegate.swift */ = {isa = PBXFileReference; lastKnownFileType = sourcecode.swift; path = AppDelegate.swift; sourceTree = "<group>"; };
		D3E976702BE787AD00D2ACD5 /* SceneDelegate.swift */ = {isa = PBXFileReference; lastKnownFileType = sourcecode.swift; path = SceneDelegate.swift; sourceTree = "<group>"; };
		D3E976752BE787AD00D2ACD5 /* Base */ = {isa = PBXFileReference; lastKnownFileType = file.storyboard; name = Base; path = Base.lproj/Main.storyboard; sourceTree = "<group>"; };
		D3E976772BE787B000D2ACD5 /* Assets.xcassets */ = {isa = PBXFileReference; lastKnownFileType = folder.assetcatalog; path = Assets.xcassets; sourceTree = "<group>"; };
		D3E9767A2BE787B000D2ACD5 /* Base */ = {isa = PBXFileReference; lastKnownFileType = file.storyboard; name = Base; path = Base.lproj/LaunchScreen.storyboard; sourceTree = "<group>"; };
		D3E9767C2BE787B000D2ACD5 /* Info.plist */ = {isa = PBXFileReference; lastKnownFileType = text.plist.xml; path = Info.plist; sourceTree = "<group>"; };
		D3E976B92BE78CF600D2ACD5 /* GoogleService-Info.plist */ = {isa = PBXFileReference; fileEncoding = 4; lastKnownFileType = text.plist.xml; path = "GoogleService-Info.plist"; sourceTree = "<group>"; };
		D3E976BB2BE78FD600D2ACD5 /* Movie.swift */ = {isa = PBXFileReference; lastKnownFileType = sourcecode.swift; path = Movie.swift; sourceTree = "<group>"; };
/* End PBXFileReference section */

/* Begin PBXFrameworksBuildPhase section */
		D3E976682BE787AD00D2ACD5 /* Frameworks */ = {
			isa = PBXFrameworksBuildPhase;
			buildActionMask = 2147483647;
			files = (
				D3E976962BE7897800D2ACD5 /* FirebaseDatabase in Frameworks */,
				D3E976A42BE7897800D2ACD5 /* FirebaseFunctionsCombine-Community in Frameworks */,
				D3E9769C2BE7897800D2ACD5 /* FirebaseFirestore in Frameworks */,
				D3E976882BE7897800D2ACD5 /* FirebaseAnalyticsSwift in Frameworks */,
				D3E976842BE7897800D2ACD5 /* FirebaseAnalytics in Frameworks */,
				D3E976862BE7897800D2ACD5 /* FirebaseAnalyticsOnDeviceConversion in Frameworks */,
				D3E976AC2BE7897800D2ACD5 /* FirebaseMLModelDownloader in Frameworks */,
				D3E976A02BE7897800D2ACD5 /* FirebaseFirestoreSwift in Frameworks */,
				D3E9768C2BE7897800D2ACD5 /* FirebaseAppCheck in Frameworks */,
				D3E9768A2BE7897800D2ACD5 /* FirebaseAnalyticsWithoutAdIdSupport in Frameworks */,
				D3E976902BE7897800D2ACD5 /* FirebaseAuth in Frameworks */,
				D3E976942BE7897800D2ACD5 /* FirebaseCrashlytics in Frameworks */,
				D3E976B42BE7897800D2ACD5 /* FirebaseRemoteConfigSwift in Frameworks */,
				D3E976A62BE7897800D2ACD5 /* FirebaseInAppMessaging-Beta in Frameworks */,
				D3E976982BE7897800D2ACD5 /* FirebaseDatabaseSwift in Frameworks */,
				D3E976A22BE7897800D2ACD5 /* FirebaseFunctions in Frameworks */,
				D3E976B82BE7897800D2ACD5 /* FirebaseStorageCombine-Community in Frameworks */,
				D3E976B22BE7897800D2ACD5 /* FirebaseRemoteConfig in Frameworks */,
				D3E9768E2BE7897800D2ACD5 /* FirebaseAppDistribution-Beta in Frameworks */,
				D3E976922BE7897800D2ACD5 /* FirebaseAuthCombine-Community in Frameworks */,
				D3E976B02BE7897800D2ACD5 /* FirebasePerformance in Frameworks */,
				D3E976A82BE7897800D2ACD5 /* FirebaseInAppMessagingSwift-Beta in Frameworks */,
				D3E976B62BE7897800D2ACD5 /* FirebaseStorage in Frameworks */,
				D3E9769A2BE7897800D2ACD5 /* FirebaseDynamicLinks in Frameworks */,
				D3E9769E2BE7897800D2ACD5 /* FirebaseFirestoreCombine-Community in Frameworks */,
				D3E976AE2BE7897800D2ACD5 /* FirebaseMessaging in Frameworks */,
				D3E976AA2BE7897800D2ACD5 /* FirebaseInstallations in Frameworks */,
			);
			runOnlyForDeploymentPostprocessing = 0;
		};
/* End PBXFrameworksBuildPhase section */

/* Begin PBXGroup section */
		D3E976622BE787AD00D2ACD5 = {
			isa = PBXGroup;
			children = (
				D3E976B92BE78CF600D2ACD5 /* GoogleService-Info.plist */,
				D3E9766D2BE787AD00D2ACD5 /* tutorial8 */,
				D3E9766C2BE787AD00D2ACD5 /* Products */,
			);
			sourceTree = "<group>";
		};
		D3E9766C2BE787AD00D2ACD5 /* Products */ = {
			isa = PBXGroup;
			children = (
				D3E9766B2BE787AD00D2ACD5 /* tutorial8.app */,
			);
			name = Products;
			sourceTree = "<group>";
		};
		D3E9766D2BE787AD00D2ACD5 /* tutorial8 */ = {
			isa = PBXGroup;
			children = (
				D3E9766E2BE787AD00D2ACD5 /* AppDelegate.swift */,
				D35578382BE887FA00885860 /* MovieTableViewCell.swift */,
				D3E976702BE787AD00D2ACD5 /* SceneDelegate.swift */,
				D3E976742BE787AD00D2ACD5 /* Main.storyboard */,
				D3E976772BE787B000D2ACD5 /* Assets.xcassets */,
				D3E976792BE787B000D2ACD5 /* LaunchScreen.storyboard */,
				D3E9767C2BE787B000D2ACD5 /* Info.plist */,
				D3E976BB2BE78FD600D2ACD5 /* Movie.swift */,
				D35578342BE8867800885860 /* MovieTableViewController.swift */,
				D35578362BE8875200885860 /* DetailViewController.swift */,
				D355783A2BE88D8C00885860 /* MoviesListController.swift */,
				D355783C2BE89A3D00885860 /* MovieCollectionViewController.swift */,
				D355783E2BE89A5F00885860 /* MovieCollectionViewCell.swift */,
			);
			path = tutorial8;
			sourceTree = "<group>";
		};
/* End PBXGroup section */

/* Begin PBXNativeTarget section */
		D3E9766A2BE787AD00D2ACD5 /* tutorial8 */ = {
			isa = PBXNativeTarget;
			buildConfigurationList = D3E9767F2BE787B000D2ACD5 /* Build configuration list for PBXNativeTarget "tutorial8" */;
			buildPhases = (
				D3E976672BE787AD00D2ACD5 /* Sources */,
				D3E976682BE787AD00D2ACD5 /* Frameworks */,
				D3E976692BE787AD00D2ACD5 /* Resources */,
			);
			buildRules = (
			);
			dependencies = (
			);
			name = tutorial8;
			packageProductDependencies = (
				D3E976832BE7897800D2ACD5 /* FirebaseAnalytics */,
				D3E976852BE7897800D2ACD5 /* FirebaseAnalyticsOnDeviceConversion */,
				D3E976872BE7897800D2ACD5 /* FirebaseAnalyticsSwift */,
				D3E976892BE7897800D2ACD5 /* FirebaseAnalyticsWithoutAdIdSupport */,
				D3E9768B2BE7897800D2ACD5 /* FirebaseAppCheck */,
				D3E9768D2BE7897800D2ACD5 /* FirebaseAppDistribution-Beta */,
				D3E9768F2BE7897800D2ACD5 /* FirebaseAuth */,
				D3E976912BE7897800D2ACD5 /* FirebaseAuthCombine-Community */,
				D3E976932BE7897800D2ACD5 /* FirebaseCrashlytics */,
				D3E976952BE7897800D2ACD5 /* FirebaseDatabase */,
				D3E976972BE7897800D2ACD5 /* FirebaseDatabaseSwift */,
				D3E976992BE7897800D2ACD5 /* FirebaseDynamicLinks */,
				D3E9769B2BE7897800D2ACD5 /* FirebaseFirestore */,
				D3E9769D2BE7897800D2ACD5 /* FirebaseFirestoreCombine-Community */,
				D3E9769F2BE7897800D2ACD5 /* FirebaseFirestoreSwift */,
				D3E976A12BE7897800D2ACD5 /* FirebaseFunctions */,
				D3E976A32BE7897800D2ACD5 /* FirebaseFunctionsCombine-Community */,
				D3E976A52BE7897800D2ACD5 /* FirebaseInAppMessaging-Beta */,
				D3E976A72BE7897800D2ACD5 /* FirebaseInAppMessagingSwift-Beta */,
				D3E976A92BE7897800D2ACD5 /* FirebaseInstallations */,
				D3E976AB2BE7897800D2ACD5 /* FirebaseMLModelDownloader */,
				D3E976AD2BE7897800D2ACD5 /* FirebaseMessaging */,
				D3E976AF2BE7897800D2ACD5 /* FirebasePerformance */,
				D3E976B12BE7897800D2ACD5 /* FirebaseRemoteConfig */,
				D3E976B32BE7897800D2ACD5 /* FirebaseRemoteConfigSwift */,
				D3E976B52BE7897800D2ACD5 /* FirebaseStorage */,
				D3E976B72BE7897800D2ACD5 /* FirebaseStorageCombine-Community */,
			);
			productName = tutorial8;
			productReference = D3E9766B2BE787AD00D2ACD5 /* tutorial8.app */;
			productType = "com.apple.product-type.application";
		};
/* End PBXNativeTarget section */

/* Begin PBXProject section */
		D3E976632BE787AD00D2ACD5 /* Project object */ = {
			isa = PBXProject;
			attributes = {
				BuildIndependentTargetsInParallel = 1;
				LastSwiftUpdateCheck = 1520;
				LastUpgradeCheck = 1520;
				TargetAttributes = {
					D3E9766A2BE787AD00D2ACD5 = {
						CreatedOnToolsVersion = 15.2;
					};
				};
			};
			buildConfigurationList = D3E976662BE787AD00D2ACD5 /* Build configuration list for PBXProject "tutorial8" */;
			compatibilityVersion = "Xcode 14.0";
			developmentRegion = en;
			hasScannedForEncodings = 0;
			knownRegions = (
				en,
				Base,
			);
			mainGroup = D3E976622BE787AD00D2ACD5;
			packageReferences = (
				D3E976822BE7897800D2ACD5 /* XCRemoteSwiftPackageReference "firebase-ios-sdk" */,
			);
			productRefGroup = D3E9766C2BE787AD00D2ACD5 /* Products */;
			projectDirPath = "";
			projectRoot = "";
			targets = (
				D3E9766A2BE787AD00D2ACD5 /* tutorial8 */,
			);
		};
/* End PBXProject section */

/* Begin PBXResourcesBuildPhase section */
		D3E976692BE787AD00D2ACD5 /* Resources */ = {
			isa = PBXResourcesBuildPhase;
			buildActionMask = 2147483647;
			files = (
				D3E9767B2BE787B000D2ACD5 /* LaunchScreen.storyboard in Resources */,
				D3E976BA2BE78CF600D2ACD5 /* GoogleService-Info.plist in Resources */,
				D3E976782BE787B000D2ACD5 /* Assets.xcassets in Resources */,
				D3E976762BE787AD00D2ACD5 /* Main.storyboard in Resources */,
			);
			runOnlyForDeploymentPostprocessing = 0;
		};
/* End PBXResourcesBuildPhase section */

/* Begin PBXSourcesBuildPhase section */
		D3E976672BE787AD00D2ACD5 /* Sources */ = {
			isa = PBXSourcesBuildPhase;
			buildActionMask = 2147483647;
			files = (
				D35578352BE8867800885860 /* MovieTableViewController.swift in Sources */,
				D355783D2BE89A3D00885860 /* MovieCollectionViewController.swift in Sources */,
				D3E9766F2BE787AD00D2ACD5 /* AppDelegate.swift in Sources */,
				D35578392BE887FA00885860 /* MovieTableViewCell.swift in Sources */,
				D35578372BE8875200885860 /* DetailViewController.swift in Sources */,
				D3E976BC2BE78FD600D2ACD5 /* Movie.swift in Sources */,
				D355783F2BE89A5F00885860 /* MovieCollectionViewCell.swift in Sources */,
				D355783B2BE88D8C00885860 /* MoviesListController.swift in Sources */,
				D3E976712BE787AD00D2ACD5 /* SceneDelegate.swift in Sources */,
			);
			runOnlyForDeploymentPostprocessing = 0;
		};
/* End PBXSourcesBuildPhase section */

/* Begin PBXVariantGroup section */
		D3E976742BE787AD00D2ACD5 /* Main.storyboard */ = {
			isa = PBXVariantGroup;
			children = (
				D3E976752BE787AD00D2ACD5 /* Base */,
			);
			name = Main.storyboard;
			sourceTree = "<group>";
		};
		D3E976792BE787B000D2ACD5 /* LaunchScreen.storyboard */ = {
			isa = PBXVariantGroup;
			children = (
				D3E9767A2BE787B000D2ACD5 /* Base */,
			);
			name = LaunchScreen.storyboard;
			sourceTree = "<group>";
		};
/* End PBXVariantGroup section */

/* Begin XCBuildConfiguration section */
		D3E9767D2BE787B000D2ACD5 /* Debug */ = {
			isa = XCBuildConfiguration;
			buildSettings = {
				ALWAYS_SEARCH_USER_PATHS = NO;
				ASSETCATALOG_COMPILER_GENERATE_SWIFT_ASSET_SYMBOL_EXTENSIONS = YES;
				CLANG_ANALYZER_NONNULL = YES;
				CLANG_ANALYZER_NUMBER_OBJECT_CONVERSION = YES_AGGRESSIVE;
				CLANG_CXX_LANGUAGE_STANDARD = "gnu++20";
				CLANG_ENABLE_MODULES = YES;
				CLANG_ENABLE_OBJC_ARC = YES;
				CLANG_ENABLE_OBJC_WEAK = YES;
				CLANG_WARN_BLOCK_CAPTURE_AUTORELEASING = YES;
				CLANG_WARN_BOOL_CONVERSION = YES;
				CLANG_WARN_COMMA = YES;
				CLANG_WARN_CONSTANT_CONVERSION = YES;
				CLANG_WARN_DEPRECATED_OBJC_IMPLEMENTATIONS = YES;
				CLANG_WARN_DIRECT_OBJC_ISA_USAGE = YES_ERROR;
				CLANG_WARN_DOCUMENTATION_COMMENTS = YES;
				CLANG_WARN_EMPTY_BODY = YES;
				CLANG_WARN_ENUM_CONVERSION = YES;
				CLANG_WARN_INFINITE_RECURSION = YES;
				CLANG_WARN_INT_CONVERSION = YES;
				CLANG_WARN_NON_LITERAL_NULL_CONVERSION = YES;
				CLANG_WARN_OBJC_IMPLICIT_RETAIN_SELF = YES;
				CLANG_WARN_OBJC_LITERAL_CONVERSION = YES;
				CLANG_WARN_OBJC_ROOT_CLASS = YES_ERROR;
				CLANG_WARN_QUOTED_INCLUDE_IN_FRAMEWORK_HEADER = YES;
				CLANG_WARN_RANGE_LOOP_ANALYSIS = YES;
				CLANG_WARN_STRICT_PROTOTYPES = YES;
				CLANG_WARN_SUSPICIOUS_MOVE = YES;
				CLANG_WARN_UNGUARDED_AVAILABILITY = YES_AGGRESSIVE;
				CLANG_WARN_UNREACHABLE_CODE = YES;
				CLANG_WARN__DUPLICATE_METHOD_MATCH = YES;
				COPY_PHASE_STRIP = NO;
				DEBUG_INFORMATION_FORMAT = dwarf;
				ENABLE_STRICT_OBJC_MSGSEND = YES;
				ENABLE_TESTABILITY = YES;
				ENABLE_USER_SCRIPT_SANDBOXING = YES;
				GCC_C_LANGUAGE_STANDARD = gnu17;
				GCC_DYNAMIC_NO_PIC = NO;
				GCC_NO_COMMON_BLOCKS = YES;
				GCC_OPTIMIZATION_LEVEL = 0;
				GCC_PREPROCESSOR_DEFINITIONS = (
					"DEBUG=1",
					"$(inherited)",
				);
				GCC_WARN_64_TO_32_BIT_CONVERSION = YES;
				GCC_WARN_ABOUT_RETURN_TYPE = YES_ERROR;
				GCC_WARN_UNDECLARED_SELECTOR = YES;
				GCC_WARN_UNINITIALIZED_AUTOS = YES_AGGRESSIVE;
				GCC_WARN_UNUSED_FUNCTION = YES;
				GCC_WARN_UNUSED_VARIABLE = YES;
				IPHONEOS_DEPLOYMENT_TARGET = 17.2;
				LOCALIZATION_PREFERS_STRING_CATALOGS = YES;
				MTL_ENABLE_DEBUG_INFO = INCLUDE_SOURCE;
				MTL_FAST_MATH = YES;
				ONLY_ACTIVE_ARCH = YES;
				SDKROOT = iphoneos;
				SWIFT_ACTIVE_COMPILATION_CONDITIONS = "DEBUG $(inherited)";
				SWIFT_OPTIMIZATION_LEVEL = "-Onone";
			};
			name = Debug;
		};
		D3E9767E2BE787B000D2ACD5 /* Release */ = {
			isa = XCBuildConfiguration;
			buildSettings = {
				ALWAYS_SEARCH_USER_PATHS = NO;
				ASSETCATALOG_COMPILER_GENERATE_SWIFT_ASSET_SYMBOL_EXTENSIONS = YES;
				CLANG_ANALYZER_NONNULL = YES;
				CLANG_ANALYZER_NUMBER_OBJECT_CONVERSION = YES_AGGRESSIVE;
				CLANG_CXX_LANGUAGE_STANDARD = "gnu++20";
				CLANG_ENABLE_MODULES = YES;
				CLANG_ENABLE_OBJC_ARC = YES;
				CLANG_ENABLE_OBJC_WEAK = YES;
				CLANG_WARN_BLOCK_CAPTURE_AUTORELEASING = YES;
				CLANG_WARN_BOOL_CONVERSION = YES;
				CLANG_WARN_COMMA = YES;
				CLANG_WARN_CONSTANT_CONVERSION = YES;
				CLANG_WARN_DEPRECATED_OBJC_IMPLEMENTATIONS = YES;
				CLANG_WARN_DIRECT_OBJC_ISA_USAGE = YES_ERROR;
				CLANG_WARN_DOCUMENTATION_COMMENTS = YES;
				CLANG_WARN_EMPTY_BODY = YES;
				CLANG_WARN_ENUM_CONVERSION = YES;
				CLANG_WARN_INFINITE_RECURSION = YES;
				CLANG_WARN_INT_CONVERSION = YES;
				CLANG_WARN_NON_LITERAL_NULL_CONVERSION = YES;
				CLANG_WARN_OBJC_IMPLICIT_RETAIN_SELF = YES;
				CLANG_WARN_OBJC_LITERAL_CONVERSION = YES;
				CLANG_WARN_OBJC_ROOT_CLASS = YES_ERROR;
				CLANG_WARN_QUOTED_INCLUDE_IN_FRAMEWORK_HEADER = YES;
				CLANG_WARN_RANGE_LOOP_ANALYSIS = YES;
				CLANG_WARN_STRICT_PROTOTYPES = YES;
				CLANG_WARN_SUSPICIOUS_MOVE = YES;
				CLANG_WARN_UNGUARDED_AVAILABILITY = YES_AGGRESSIVE;
				CLANG_WARN_UNREACHABLE_CODE = YES;
				CLANG_WARN__DUPLICATE_METHOD_MATCH = YES;
				COPY_PHASE_STRIP = NO;
				DEBUG_INFORMATION_FORMAT = "dwarf-with-dsym";
				ENABLE_NS_ASSERTIONS = NO;
				ENABLE_STRICT_OBJC_MSGSEND = YES;
				ENABLE_USER_SCRIPT_SANDBOXING = YES;
				GCC_C_LANGUAGE_STANDARD = gnu17;
				GCC_NO_COMMON_BLOCKS = YES;
				GCC_WARN_64_TO_32_BIT_CONVERSION = YES;
				GCC_WARN_ABOUT_RETURN_TYPE = YES_ERROR;
				GCC_WARN_UNDECLARED_SELECTOR = YES;
				GCC_WARN_UNINITIALIZED_AUTOS = YES_AGGRESSIVE;
				GCC_WARN_UNUSED_FUNCTION = YES;
				GCC_WARN_UNUSED_VARIABLE = YES;
				IPHONEOS_DEPLOYMENT_TARGET = 17.2;
				LOCALIZATION_PREFERS_STRING_CATALOGS = YES;
				MTL_ENABLE_DEBUG_INFO = NO;
				MTL_FAST_MATH = YES;
				SDKROOT = iphoneos;
				SWIFT_COMPILATION_MODE = wholemodule;
				VALIDATE_PRODUCT = YES;
			};
			name = Release;
		};
		D3E976802BE787B000D2ACD5 /* Debug */ = {
			isa = XCBuildConfiguration;
			buildSettings = {
				ASSETCATALOG_COMPILER_APPICON_NAME = AppIcon;
				ASSETCATALOG_COMPILER_GLOBAL_ACCENT_COLOR_NAME = AccentColor;
				CODE_SIGN_STYLE = Automatic;
				CURRENT_PROJECT_VERSION = 1;
				GENERATE_INFOPLIST_FILE = YES;
				INFOPLIST_FILE = tutorial8/Info.plist;
				INFOPLIST_KEY_UIApplicationSupportsIndirectInputEvents = YES;
				INFOPLIST_KEY_UILaunchStoryboardName = LaunchScreen;
				INFOPLIST_KEY_UIMainStoryboardFile = Main;
				INFOPLIST_KEY_UISupportedInterfaceOrientations_iPad = "UIInterfaceOrientationPortrait UIInterfaceOrientationPortraitUpsideDown UIInterfaceOrientationLandscapeLeft UIInterfaceOrientationLandscapeRight";
				INFOPLIST_KEY_UISupportedInterfaceOrientations_iPhone = "UIInterfaceOrientationPortrait UIInterfaceOrientationLandscapeLeft UIInterfaceOrientationLandscapeRight";
				LD_RUNPATH_SEARCH_PATHS = (
					"$(inherited)",
					"@executable_path/Frameworks",
				);
				MARKETING_VERSION = 1.0;
				PRODUCT_BUNDLE_IDENTIFIER = au.edu.utas.lfwells.tutorial8;
				PRODUCT_NAME = "$(TARGET_NAME)";
				SWIFT_EMIT_LOC_STRINGS = YES;
				SWIFT_VERSION = 5.0;
				TARGETED_DEVICE_FAMILY = "1,2";
			};
			name = Debug;
		};
		D3E976812BE787B000D2ACD5 /* Release */ = {
			isa = XCBuildConfiguration;
			buildSettings = {
				ASSETCATALOG_COMPILER_APPICON_NAME = AppIcon;
				ASSETCATALOG_COMPILER_GLOBAL_ACCENT_COLOR_NAME = AccentColor;
				CODE_SIGN_STYLE = Automatic;
				CURRENT_PROJECT_VERSION = 1;
				GENERATE_INFOPLIST_FILE = YES;
				INFOPLIST_FILE = tutorial8/Info.plist;
				INFOPLIST_KEY_UIApplicationSupportsIndirectInputEvents = YES;
				INFOPLIST_KEY_UILaunchStoryboardName = LaunchScreen;
				INFOPLIST_KEY_UIMainStoryboardFile = Main;
				INFOPLIST_KEY_UISupportedInterfaceOrientations_iPad = "UIInterfaceOrientationPortrait UIInterfaceOrientationPortraitUpsideDown UIInterfaceOrientationLandscapeLeft UIInterfaceOrientationLandscapeRight";
				INFOPLIST_KEY_UISupportedInterfaceOrientations_iPhone = "UIInterfaceOrientationPortrait UIInterfaceOrientationLandscapeLeft UIInterfaceOrientationLandscapeRight";
				LD_RUNPATH_SEARCH_PATHS = (
					"$(inherited)",
					"@executable_path/Frameworks",
				);
				MARKETING_VERSION = 1.0;
				PRODUCT_BUNDLE_IDENTIFIER = au.edu.utas.lfwells.tutorial8;
				PRODUCT_NAME = "$(TARGET_NAME)";
				SWIFT_EMIT_LOC_STRINGS = YES;
				SWIFT_VERSION = 5.0;
				TARGETED_DEVICE_FAMILY = "1,2";
			};
			name = Release;
		};
/* End XCBuildConfiguration section */

/* Begin XCConfigurationList section */
		D3E976662BE787AD00D2ACD5 /* Build configuration list for PBXProject "tutorial8" */ = {
			isa = XCConfigurationList;
			buildConfigurations = (
				D3E9767D2BE787B000D2ACD5 /* Debug */,
				D3E9767E2BE787B000D2ACD5 /* Release */,
			);
			defaultConfigurationIsVisible = 0;
			defaultConfigurationName = Release;
		};
		D3E9767F2BE787B000D2ACD5 /* Build configuration list for PBXNativeTarget "tutorial8" */ = {
			isa = XCConfigurationList;
			buildConfigurations = (
				D3E976802BE787B000D2ACD5 /* Debug */,
				D3E976812BE787B000D2ACD5 /* Release */,
			);
			defaultConfigurationIsVisible = 0;
			defaultConfigurationName = Release;
		};
/* End XCConfigurationList section */

/* Begin XCRemoteSwiftPackageReference section */
		D3E976822BE7897800D2ACD5 /* XCRemoteSwiftPackageReference "firebase-ios-sdk" */ = {
			isa = XCRemoteSwiftPackageReference;
			repositoryURL = "https://github.com/firebase/firebase-ios-sdk";
			requirement = {
				kind = upToNextMajorVersion;
				minimumVersion = 10.25.0;
			};
		};
/* End XCRemoteSwiftPackageReference section */

/* Begin XCSwiftPackageProductDependency section */
		D3E976832BE7897800D2ACD5 /* FirebaseAnalytics */ = {
			isa = XCSwiftPackageProductDependency;
			package = D3E976822BE7897800D2ACD5 /* XCRemoteSwiftPackageReference "firebase-ios-sdk" */;
			productName = FirebaseAnalytics;
		};
		D3E976852BE7897800D2ACD5 /* FirebaseAnalyticsOnDeviceConversion */ = {
			isa = XCSwiftPackageProductDependency;
			package = D3E976822BE7897800D2ACD5 /* XCRemoteSwiftPackageReference "firebase-ios-sdk" */;
			productName = FirebaseAnalyticsOnDeviceConversion;
		};
		D3E976872BE7897800D2ACD5 /* FirebaseAnalyticsSwift */ = {
			isa = XCSwiftPackageProductDependency;
			package = D3E976822BE7897800D2ACD5 /* XCRemoteSwiftPackageReference "firebase-ios-sdk" */;
			productName = FirebaseAnalyticsSwift;
		};
		D3E976892BE7897800D2ACD5 /* FirebaseAnalyticsWithoutAdIdSupport */ = {
			isa = XCSwiftPackageProductDependency;
			package = D3E976822BE7897800D2ACD5 /* XCRemoteSwiftPackageReference "firebase-ios-sdk" */;
			productName = FirebaseAnalyticsWithoutAdIdSupport;
		};
		D3E9768B2BE7897800D2ACD5 /* FirebaseAppCheck */ = {
			isa = XCSwiftPackageProductDependency;
			package = D3E976822BE7897800D2ACD5 /* XCRemoteSwiftPackageReference "firebase-ios-sdk" */;
			productName = FirebaseAppCheck;
		};
		D3E9768D2BE7897800D2ACD5 /* FirebaseAppDistribution-Beta */ = {
			isa = XCSwiftPackageProductDependency;
			package = D3E976822BE7897800D2ACD5 /* XCRemoteSwiftPackageReference "firebase-ios-sdk" */;
			productName = "FirebaseAppDistribution-Beta";
		};
		D3E9768F2BE7897800D2ACD5 /* FirebaseAuth */ = {
			isa = XCSwiftPackageProductDependency;
			package = D3E976822BE7897800D2ACD5 /* XCRemoteSwiftPackageReference "firebase-ios-sdk" */;
			productName = FirebaseAuth;
		};
		D3E976912BE7897800D2ACD5 /* FirebaseAuthCombine-Community */ = {
			isa = XCSwiftPackageProductDependency;
			package = D3E976822BE7897800D2ACD5 /* XCRemoteSwiftPackageReference "firebase-ios-sdk" */;
			productName = "FirebaseAuthCombine-Community";
		};
		D3E976932BE7897800D2ACD5 /* FirebaseCrashlytics */ = {
			isa = XCSwiftPackageProductDependency;
			package = D3E976822BE7897800D2ACD5 /* XCRemoteSwiftPackageReference "firebase-ios-sdk" */;
			productName = FirebaseCrashlytics;
		};
		D3E976952BE7897800D2ACD5 /* FirebaseDatabase */ = {
			isa = XCSwiftPackageProductDependency;
			package = D3E976822BE7897800D2ACD5 /* XCRemoteSwiftPackageReference "firebase-ios-sdk" */;
			productName = FirebaseDatabase;
		};
		D3E976972BE7897800D2ACD5 /* FirebaseDatabaseSwift */ = {
			isa = XCSwiftPackageProductDependency;
			package = D3E976822BE7897800D2ACD5 /* XCRemoteSwiftPackageReference "firebase-ios-sdk" */;
			productName = FirebaseDatabaseSwift;
		};
		D3E976992BE7897800D2ACD5 /* FirebaseDynamicLinks */ = {
			isa = XCSwiftPackageProductDependency;
			package = D3E976822BE7897800D2ACD5 /* XCRemoteSwiftPackageReference "firebase-ios-sdk" */;
			productName = FirebaseDynamicLinks;
		};
		D3E9769B2BE7897800D2ACD5 /* FirebaseFirestore */ = {
			isa = XCSwiftPackageProductDependency;
			package = D3E976822BE7897800D2ACD5 /* XCRemoteSwiftPackageReference "firebase-ios-sdk" */;
			productName = FirebaseFirestore;
		};
		D3E9769D2BE7897800D2ACD5 /* FirebaseFirestoreCombine-Community */ = {
			isa = XCSwiftPackageProductDependency;
			package = D3E976822BE7897800D2ACD5 /* XCRemoteSwiftPackageReference "firebase-ios-sdk" */;
			productName = "FirebaseFirestoreCombine-Community";
		};
		D3E9769F2BE7897800D2ACD5 /* FirebaseFirestoreSwift */ = {
			isa = XCSwiftPackageProductDependency;
			package = D3E976822BE7897800D2ACD5 /* XCRemoteSwiftPackageReference "firebase-ios-sdk" */;
			productName = FirebaseFirestoreSwift;
		};
		D3E976A12BE7897800D2ACD5 /* FirebaseFunctions */ = {
			isa = XCSwiftPackageProductDependency;
			package = D3E976822BE7897800D2ACD5 /* XCRemoteSwiftPackageReference "firebase-ios-sdk" */;
			productName = FirebaseFunctions;
		};
		D3E976A32BE7897800D2ACD5 /* FirebaseFunctionsCombine-Community */ = {
			isa = XCSwiftPackageProductDependency;
			package = D3E976822BE7897800D2ACD5 /* XCRemoteSwiftPackageReference "firebase-ios-sdk" */;
			productName = "FirebaseFunctionsCombine-Community";
		};
		D3E976A52BE7897800D2ACD5 /* FirebaseInAppMessaging-Beta */ = {
			isa = XCSwiftPackageProductDependency;
			package = D3E976822BE7897800D2ACD5 /* XCRemoteSwiftPackageReference "firebase-ios-sdk" */;
			productName = "FirebaseInAppMessaging-Beta";
		};
		D3E976A72BE7897800D2ACD5 /* FirebaseInAppMessagingSwift-Beta */ = {
			isa = XCSwiftPackageProductDependency;
			package = D3E976822BE7897800D2ACD5 /* XCRemoteSwiftPackageReference "firebase-ios-sdk" */;
			productName = "FirebaseInAppMessagingSwift-Beta";
		};
		D3E976A92BE7897800D2ACD5 /* FirebaseInstallations */ = {
			isa = XCSwiftPackageProductDependency;
			package = D3E976822BE7897800D2ACD5 /* XCRemoteSwiftPackageReference "firebase-ios-sdk" */;
			productName = FirebaseInstallations;
		};
		D3E976AB2BE7897800D2ACD5 /* FirebaseMLModelDownloader */ = {
			isa = XCSwiftPackageProductDependency;
			package = D3E976822BE7897800D2ACD5 /* XCRemoteSwiftPackageReference "firebase-ios-sdk" */;
			productName = FirebaseMLModelDownloader;
		};
		D3E976AD2BE7897800D2ACD5 /* FirebaseMessaging */ = {
			isa = XCSwiftPackageProductDependency;
			package = D3E976822BE7897800D2ACD5 /* XCRemoteSwiftPackageReference "firebase-ios-sdk" */;
			productName = FirebaseMessaging;
		};
		D3E976AF2BE7897800D2ACD5 /* FirebasePerformance */ = {
			isa = XCSwiftPackageProductDependency;
			package = D3E976822BE7897800D2ACD5 /* XCRemoteSwiftPackageReference "firebase-ios-sdk" */;
			productName = FirebasePerformance;
		};
		D3E976B12BE7897800D2ACD5 /* FirebaseRemoteConfig */ = {
			isa = XCSwiftPackageProductDependency;
			package = D3E976822BE7897800D2ACD5 /* XCRemoteSwiftPackageReference "firebase-ios-sdk" */;
			productName = FirebaseRemoteConfig;
		};
		D3E976B32BE7897800D2ACD5 /* FirebaseRemoteConfigSwift */ = {
			isa = XCSwiftPackageProductDependency;
			package = D3E976822BE7897800D2ACD5 /* XCRemoteSwiftPackageReference "firebase-ios-sdk" */;
			productName = FirebaseRemoteConfigSwift;
		};
		D3E976B52BE7897800D2ACD5 /* FirebaseStorage */ = {
			isa = XCSwiftPackageProductDependency;
			package = D3E976822BE7897800D2ACD5 /* XCRemoteSwiftPackageReference "firebase-ios-sdk" */;
			productName = FirebaseStorage;
		};
		D3E976B72BE7897800D2ACD5 /* FirebaseStorageCombine-Community */ = {
			isa = XCSwiftPackageProductDependency;
			package = D3E976822BE7897800D2ACD5 /* XCRemoteSwiftPackageReference "firebase-ios-sdk" */;
			productName = "FirebaseStorageCombine-Community";
		};
/* End XCSwiftPackageProductDependency section */
	};
	rootObject = D3E976632BE787AD00D2ACD5 /* Project object */;
}
